
Microsoft Visual Studio Solution File, Format Version 12.00
# Visual Studio Version 17
VisualStudioVersion = 17.3.32825.248
MinimumVisualStudioVersion = 10.0.40219.1
Project("{FAE04EC0-301F-11D3-BF4B-00C04F79EFBC}") = "ConsoleApp1", "ConsoleApp1.csproj", "{C556C819-6D7F-4158-BAD0-DF572F9E1334}"
EndProject
Global
	GlobalSection(SolutionConfigurationPlatforms) = preSolution
		Debug|Any CPU = Debug|Any CPU
		Release|Any CPU = Release|Any CPU
	EndGlobalSection
	GlobalSection(ProjectConfigurationPlatforms) = postSolution
		{C556C819-6D7F-4158-BAD0-DF572F9E1334}.Debug|Any CPU.ActiveCfg = Debug|Any CPU
		{C556C819-6D7F-4158-BAD0-DF572F9E1334}.Debug|Any CPU.Build.0 = Debug|Any CPU
		{C556C819-6D7F-4158-BAD0-DF572F9E1334}.Release|Any CPU.ActiveCfg = Release|Any CPU
		{C556C819-6D7F-4158-BAD0-DF572F9E1334}.Release|Any CPU.Build.0 = Release|Any CPU
	EndGlobalSection
	GlobalSection(SolutionProperties) = preSolution
		HideSolutionNode = FALSE
	EndGlobalSection
	GlobalSection(ExtensibilityGlobals) = postSolution
		SolutionGuid = {3340386A-0DA5-4887-ACAB-F3414EB9DBB7}
	EndGlobalSection
EndGlobal
