
Microsoft Visual Studio Solution File, Format Version 12.00
# Visual Studio Version 17
VisualStudioVersion = 17.4.33122.133
MinimumVisualStudioVersion = 10.0.40219.1
Project("{FAE04EC0-301F-11D3-BF4B-00C04F79EFBC}") = "ProjectEuler", "ProjectEuler.csproj", "{73CCFFBD-F8B6-4BA3-9D10-542EEB8258CF}"
EndProject
Global
	GlobalSection(SolutionConfigurationPlatforms) = preSolution
		Debug|Any CPU = Debug|Any CPU
		Release|Any CPU = Release|Any CPU
	EndGlobalSection
	GlobalSection(ProjectConfigurationPlatforms) = postSolution
		{73CCFFBD-F8B6-4BA3-9D10-542EEB8258CF}.Debug|Any CPU.ActiveCfg = Debug|Any CPU
		{73CCFFBD-F8B6-4BA3-9D10-542EEB8258CF}.Debug|Any CPU.Build.0 = Debug|Any CPU
		{73CCFFBD-F8B6-4BA3-9D10-542EEB8258CF}.Release|Any CPU.ActiveCfg = Release|Any CPU
		{73CCFFBD-F8B6-4BA3-9D10-542EEB8258CF}.Release|Any CPU.Build.0 = Release|Any CPU
	EndGlobalSection
	GlobalSection(SolutionProperties) = preSolution
		HideSolutionNode = FALSE
	EndGlobalSection
	GlobalSection(ExtensibilityGlobals) = postSolution
		SolutionGuid = {F7740EF7-BC02-4DCB-B85A-C9B868D8E8E1}
	EndGlobalSection
EndGlobal
